
Microsoft Visual Studio Solution File, Format Version 12.00
# Visual Studio Version 17
VisualStudioVersion = 17.0.32014.148
MinimumVisualStudioVersion = 10.0.40219.1
Project("{FAE04EC0-301F-11D3-BF4B-00C04F79EFBC}") = "SpecFlowNunitProjectExample", "SpecFlowNunitProjectExample\SpecFlowNunitProjectExample.csproj", "{7685461D-CCDD-4720-9F43-E3F552D2FCD1}"
EndProject
Global
	GlobalSection(SolutionConfigurationPlatforms) = preSolution
		Debug|Any CPU = Debug|Any CPU
		Release|Any CPU = Release|Any CPU
	EndGlobalSection
	GlobalSection(ProjectConfigurationPlatforms) = postSolution
		{7685461D-CCDD-4720-9F43-E3F552D2FCD1}.Debug|Any CPU.ActiveCfg = Debug|Any CPU
		{7685461D-CCDD-4720-9F43-E3F552D2FCD1}.Debug|Any CPU.Build.0 = Debug|Any CPU
		{7685461D-CCDD-4720-9F43-E3F552D2FCD1}.Release|Any CPU.ActiveCfg = Release|Any CPU
		{7685461D-CCDD-4720-9F43-E3F552D2FCD1}.Release|Any CPU.Build.0 = Release|Any CPU
	EndGlobalSection
	GlobalSection(SolutionProperties) = preSolution
		HideSolutionNode = FALSE
	EndGlobalSection
	GlobalSection(ExtensibilityGlobals) = postSolution
		SolutionGuid = {FBDC62D6-67EC-4FA6-89C8-9DE22414B217}
	EndGlobalSection
EndGlobal
